<Solution>
  <Folder Name="/src/">
    <Project Path="src/FindFamiliar.Server/FindFamiliar.Server.csproj" />
    <Project Path="src/FindFamiliar.Runner/FindFamiliar.Runner.csproj" />
    <Project Path="src/FindFamiliar.Adapter.Claude/FindFamiliar.Adapter.Claude.csproj" />
  </Folder>
  <Folder Name="/tests/">
    <Project Path="tests/FindFamiliar.Server.Tests/FindFamiliar.Server.Tests.csproj" />
    <Project Path="tests/FindFamiliar.FakeAdapter/FindFamiliar.FakeAdapter.csproj" />
    <Project Path="tests/FindFamiliar.FakeClaudeRuntime/FindFamiliar.FakeClaudeRuntime.csproj" />
    <Project Path="tests/FindFamiliar.FakeReasoningProvider/FindFamiliar.FakeReasoningProvider.csproj" />
  </Folder>
</Solution>
